
Microsoft Visual Studio Solution File, Format Version 12.00
# Visual Studio Version 17
VisualStudioVersion = 17.8.34408.163
MinimumVisualStudioVersion = 10.0.40219.1
Project("{FAE04EC0-301F-11D3-BF4B-00C04F79EFBC}") = "Tic-Tac-Woah", "Tic-Tac-Woah\Tic-Tac-Woah.csproj", "{91BFFF2E-092B-4DBF-965E-5D07B889AE7E}"
EndProject
Global
	GlobalSection(SolutionConfigurationPlatforms) = preSolution
		Debug|Any CPU = Debug|Any CPU
		Release|Any CPU = Release|Any CPU
	EndGlobalSection
	GlobalSection(ProjectConfigurationPlatforms) = postSolution
		{91BFFF2E-092B-4DBF-965E-5D07B889AE7E}.Debug|Any CPU.ActiveCfg = Debug|Any CPU
		{91BFFF2E-092B-4DBF-965E-5D07B889AE7E}.Debug|Any CPU.Build.0 = Debug|Any CPU
		{91BFFF2E-092B-4DBF-965E-5D07B889AE7E}.Release|Any CPU.ActiveCfg = Release|Any CPU
		{91BFFF2E-092B-4DBF-965E-5D07B889AE7E}.Release|Any CPU.Build.0 = Release|Any CPU
	EndGlobalSection
	GlobalSection(SolutionProperties) = preSolution
		HideSolutionNode = FALSE
	EndGlobalSection
	GlobalSection(ExtensibilityGlobals) = postSolution
		SolutionGuid = {08BF27C0-728C-4725-A443-00D729144D88}
	EndGlobalSection
EndGlobal
